
Microsoft Visual Studio Solution File, Format Version 12.00
# Visual Studio Version 17
VisualStudioVersion = 17.1.31911.260
MinimumVisualStudioVersion = 10.0.40219.1
Project("{9A19103F-16F7-4668-BE54-9A1E7A4F7556}") = "IPClient.Shared", "IPClient.Shared.csproj", "{9F12A712-7AF4-4952-8F4C-C699A98AEEAF}"
EndProject
Global
	GlobalSection(SolutionConfigurationPlatforms) = preSolution
		Debug|Any CPU = Debug|Any CPU
		Release|Any CPU = Release|Any CPU
	EndGlobalSection
	GlobalSection(ProjectConfigurationPlatforms) = postSolution
		{9F12A712-7AF4-4952-8F4C-C699A98AEEAF}.Debug|Any CPU.ActiveCfg = Debug|Any CPU
		{9F12A712-7AF4-4952-8F4C-C699A98AEEAF}.Debug|Any CPU.Build.0 = Debug|Any CPU
		{9F12A712-7AF4-4952-8F4C-C699A98AEEAF}.Release|Any CPU.ActiveCfg = Release|Any CPU
		{9F12A712-7AF4-4952-8F4C-C699A98AEEAF}.Release|Any CPU.Build.0 = Release|Any CPU
	EndGlobalSection
	GlobalSection(SolutionProperties) = preSolution
		HideSolutionNode = FALSE
	EndGlobalSection
	GlobalSection(ExtensibilityGlobals) = postSolution
		SolutionGuid = {AF6A1083-8C93-4557-B8BA-EBADE0AE3966}
	EndGlobalSection
EndGlobal
